
Microsoft Visual Studio Solution File, Format Version 12.00
# Visual Studio Version 17
VisualStudioVersion = 17.10.35122.118
MinimumVisualStudioVersion = 10.0.40219.1
Project("{FAE04EC0-301F-11D3-BF4B-00C04F79EFBC}") = "Registro", "Registro\Registro.csproj", "{C2DAB55B-6B34-4506-9BA8-00B6B74D1124}"
EndProject
Global
	GlobalSection(SolutionConfigurationPlatforms) = preSolution
		Debug|Any CPU = Debug|Any CPU
		Release|Any CPU = Release|Any CPU
	EndGlobalSection
	GlobalSection(ProjectConfigurationPlatforms) = postSolution
		{C2DAB55B-6B34-4506-9BA8-00B6B74D1124}.Debug|Any CPU.ActiveCfg = Debug|Any CPU
		{C2DAB55B-6B34-4506-9BA8-00B6B74D1124}.Debug|Any CPU.Build.0 = Debug|Any CPU
		{C2DAB55B-6B34-4506-9BA8-00B6B74D1124}.Release|Any CPU.ActiveCfg = Release|Any CPU
		{C2DAB55B-6B34-4506-9BA8-00B6B74D1124}.Release|Any CPU.Build.0 = Release|Any CPU
	EndGlobalSection
	GlobalSection(SolutionProperties) = preSolution
		HideSolutionNode = FALSE
	EndGlobalSection
	GlobalSection(ExtensibilityGlobals) = postSolution
		SolutionGuid = {F4EAB993-FF02-48E2-9E09-782467271312}
	EndGlobalSection
EndGlobal
